
Microsoft Visual Studio Solution File, Format Version 12.00
# Visual Studio Version 16
VisualStudioVersion = 16.0.31410.357
MinimumVisualStudioVersion = 10.0.40219.1
Project("{9A19103F-16F7-4668-BE54-9A1E7A4F7556}") = "Encontro-22POO", "Encontro-22POO\Encontro-22POO.csproj", "{932C6608-54D9-4F26-AC9F-05828BFAE247}"
EndProject
Project("{FAE04EC0-301F-11D3-BF4B-00C04F79EFBC}") = "Encontro26Listas", "Encontro26Listas\Encontro26Listas.csproj", "{F5A2E4E1-4729-4B73-9A4D-11C792FEF6B3}"
EndProject
Project("{FAE04EC0-301F-11D3-BF4B-00C04F79EFBC}") = "Atacado.DAL", "Atacado.DAL\Atacado.DAL.csproj", "{BF7171E3-6FA1-4556-BB53-C69E10192757}"
EndProject
Project("{FAE04EC0-301F-11D3-BF4B-00C04F79EFBC}") = "Encontro27UsandoDAL", "Encontro27UsandoDAL\Encontro27UsandoDAL.csproj", "{9B2784F9-E5A7-4352-B098-E49B43F8711C}"
EndProject
Project("{FAE04EC0-301F-11D3-BF4B-00C04F79EFBC}") = "Atacado.POCO", "Atacado.POCO\Atacado.POCO.csproj", "{724A38C3-B2CD-4BCC-9677-260C2E3F465F}"
EndProject
Project("{FAE04EC0-301F-11D3-BF4B-00C04F79EFBC}") = "AtacadoRestApi", "AtacadoRestApi\AtacadoRestApi.csproj", "{3BC087EE-CD57-45ED-BA32-96B9077EA197}"
EndProject
Project("{2150E333-8FDC-42A3-9474-1A3956D46DE8}") = "Consoles", "Consoles", "{45683794-7CE0-4ACE-980B-87823B1B4DC8}"
EndProject
Project("{2150E333-8FDC-42A3-9474-1A3956D46DE8}") = "REST", "REST", "{788ED597-8624-41E5-BBD2-B8A3F47CB30D}"
EndProject
Global
	GlobalSection(SolutionConfigurationPlatforms) = preSolution
		Debug|Any CPU = Debug|Any CPU
		Release|Any CPU = Release|Any CPU
	EndGlobalSection
	GlobalSection(ProjectConfigurationPlatforms) = postSolution
		{932C6608-54D9-4F26-AC9F-05828BFAE247}.Debug|Any CPU.ActiveCfg = Debug|Any CPU
		{932C6608-54D9-4F26-AC9F-05828BFAE247}.Debug|Any CPU.Build.0 = Debug|Any CPU
		{932C6608-54D9-4F26-AC9F-05828BFAE247}.Release|Any CPU.ActiveCfg = Release|Any CPU
		{932C6608-54D9-4F26-AC9F-05828BFAE247}.Release|Any CPU.Build.0 = Release|Any CPU
		{F5A2E4E1-4729-4B73-9A4D-11C792FEF6B3}.Debug|Any CPU.ActiveCfg = Debug|Any CPU
		{F5A2E4E1-4729-4B73-9A4D-11C792FEF6B3}.Debug|Any CPU.Build.0 = Debug|Any CPU
		{F5A2E4E1-4729-4B73-9A4D-11C792FEF6B3}.Release|Any CPU.ActiveCfg = Release|Any CPU
		{F5A2E4E1-4729-4B73-9A4D-11C792FEF6B3}.Release|Any CPU.Build.0 = Release|Any CPU
		{BF7171E3-6FA1-4556-BB53-C69E10192757}.Debug|Any CPU.ActiveCfg = Debug|Any CPU
		{BF7171E3-6FA1-4556-BB53-C69E10192757}.Debug|Any CPU.Build.0 = Debug|Any CPU
		{BF7171E3-6FA1-4556-BB53-C69E10192757}.Release|Any CPU.ActiveCfg = Release|Any CPU
		{BF7171E3-6FA1-4556-BB53-C69E10192757}.Release|Any CPU.Build.0 = Release|Any CPU
		{9B2784F9-E5A7-4352-B098-E49B43F8711C}.Debug|Any CPU.ActiveCfg = Debug|Any CPU
		{9B2784F9-E5A7-4352-B098-E49B43F8711C}.Debug|Any CPU.Build.0 = Debug|Any CPU
		{9B2784F9-E5A7-4352-B098-E49B43F8711C}.Release|Any CPU.ActiveCfg = Release|Any CPU
		{9B2784F9-E5A7-4352-B098-E49B43F8711C}.Release|Any CPU.Build.0 = Release|Any CPU
		{724A38C3-B2CD-4BCC-9677-260C2E3F465F}.Debug|Any CPU.ActiveCfg = Debug|Any CPU
		{724A38C3-B2CD-4BCC-9677-260C2E3F465F}.Debug|Any CPU.Build.0 = Debug|Any CPU
		{724A38C3-B2CD-4BCC-9677-260C2E3F465F}.Release|Any CPU.ActiveCfg = Release|Any CPU
		{724A38C3-B2CD-4BCC-9677-260C2E3F465F}.Release|Any CPU.Build.0 = Release|Any CPU
		{3BC087EE-CD57-45ED-BA32-96B9077EA197}.Debug|Any CPU.ActiveCfg = Debug|Any CPU
		{3BC087EE-CD57-45ED-BA32-96B9077EA197}.Debug|Any CPU.Build.0 = Debug|Any CPU
		{3BC087EE-CD57-45ED-BA32-96B9077EA197}.Release|Any CPU.ActiveCfg = Release|Any CPU
		{3BC087EE-CD57-45ED-BA32-96B9077EA197}.Release|Any CPU.Build.0 = Release|Any CPU
	EndGlobalSection
	GlobalSection(SolutionProperties) = preSolution
		HideSolutionNode = FALSE
	EndGlobalSection
	GlobalSection(NestedProjects) = preSolution
		{932C6608-54D9-4F26-AC9F-05828BFAE247} = {45683794-7CE0-4ACE-980B-87823B1B4DC8}
		{F5A2E4E1-4729-4B73-9A4D-11C792FEF6B3} = {45683794-7CE0-4ACE-980B-87823B1B4DC8}
		{BF7171E3-6FA1-4556-BB53-C69E10192757} = {788ED597-8624-41E5-BBD2-B8A3F47CB30D}
		{9B2784F9-E5A7-4352-B098-E49B43F8711C} = {45683794-7CE0-4ACE-980B-87823B1B4DC8}
		{724A38C3-B2CD-4BCC-9677-260C2E3F465F} = {788ED597-8624-41E5-BBD2-B8A3F47CB30D}
		{3BC087EE-CD57-45ED-BA32-96B9077EA197} = {788ED597-8624-41E5-BBD2-B8A3F47CB30D}
	EndGlobalSection
	GlobalSection(ExtensibilityGlobals) = postSolution
		SolutionGuid = {1870570D-A250-4C64-9C81-C43B62247BBE}
	EndGlobalSection
EndGlobal
